
Microsoft Visual Studio Solution File, Format Version 12.00
# Visual Studio Version 17
VisualStudioVersion = 17.4.33213.308
MinimumVisualStudioVersion = 10.0.40219.1
Project("{FAE04EC0-301F-11D3-BF4B-00C04F79EFBC}") = "Week5LogicalOperators", "Week5LogicalOperators\Week5LogicalOperators.csproj", "{4C465856-7705-4FDB-91E5-3D0C9F06F6DF}"
EndProject
Project("{FAE04EC0-301F-11D3-BF4B-00C04F79EFBC}") = "ANDOperator", "ANDOperator\ANDOperator.csproj", "{5CF0B62C-A440-4024-BD00-668D2AC75130}"
EndProject
Project("{FAE04EC0-301F-11D3-BF4B-00C04F79EFBC}") = "OROperator", "OROperator\OROperator.csproj", "{7F98621F-1892-45F9-843C-C7698282570A}"
EndProject
Project("{FAE04EC0-301F-11D3-BF4B-00C04F79EFBC}") = "ANDRanges", "ANDRanges\ANDRanges.csproj", "{B1F368AF-9005-4146-9AB0-8E3342FDA53F}"
EndProject
Global
	GlobalSection(SolutionConfigurationPlatforms) = preSolution
		Debug|Any CPU = Debug|Any CPU
		Release|Any CPU = Release|Any CPU
	EndGlobalSection
	GlobalSection(ProjectConfigurationPlatforms) = postSolution
		{4C465856-7705-4FDB-91E5-3D0C9F06F6DF}.Debug|Any CPU.ActiveCfg = Debug|Any CPU
		{4C465856-7705-4FDB-91E5-3D0C9F06F6DF}.Debug|Any CPU.Build.0 = Debug|Any CPU
		{4C465856-7705-4FDB-91E5-3D0C9F06F6DF}.Release|Any CPU.ActiveCfg = Release|Any CPU
		{4C465856-7705-4FDB-91E5-3D0C9F06F6DF}.Release|Any CPU.Build.0 = Release|Any CPU
		{5CF0B62C-A440-4024-BD00-668D2AC75130}.Debug|Any CPU.ActiveCfg = Debug|Any CPU
		{5CF0B62C-A440-4024-BD00-668D2AC75130}.Debug|Any CPU.Build.0 = Debug|Any CPU
		{5CF0B62C-A440-4024-BD00-668D2AC75130}.Release|Any CPU.ActiveCfg = Release|Any CPU
		{5CF0B62C-A440-4024-BD00-668D2AC75130}.Release|Any CPU.Build.0 = Release|Any CPU
		{7F98621F-1892-45F9-843C-C7698282570A}.Debug|Any CPU.ActiveCfg = Debug|Any CPU
		{7F98621F-1892-45F9-843C-C7698282570A}.Debug|Any CPU.Build.0 = Debug|Any CPU
		{7F98621F-1892-45F9-843C-C7698282570A}.Release|Any CPU.ActiveCfg = Release|Any CPU
		{7F98621F-1892-45F9-843C-C7698282570A}.Release|Any CPU.Build.0 = Release|Any CPU
		{B1F368AF-9005-4146-9AB0-8E3342FDA53F}.Debug|Any CPU.ActiveCfg = Debug|Any CPU
		{B1F368AF-9005-4146-9AB0-8E3342FDA53F}.Debug|Any CPU.Build.0 = Debug|Any CPU
		{B1F368AF-9005-4146-9AB0-8E3342FDA53F}.Release|Any CPU.ActiveCfg = Release|Any CPU
		{B1F368AF-9005-4146-9AB0-8E3342FDA53F}.Release|Any CPU.Build.0 = Release|Any CPU
	EndGlobalSection
	GlobalSection(SolutionProperties) = preSolution
		HideSolutionNode = FALSE
	EndGlobalSection
	GlobalSection(ExtensibilityGlobals) = postSolution
		SolutionGuid = {38073EA7-F3EE-44A4-AA96-CED6DDAC66E7}
	EndGlobalSection
EndGlobal
